
Microsoft Visual Studio Solution File, Format Version 12.00
# Visual Studio Version 16
VisualStudioVersion = 25.0.1705.5
MinimumVisualStudioVersion = 10.0.40219.1
Project("{FAE04EC0-301F-11D3-BF4B-00C04F79EFBC}") = "OffshoreTrack", "OffshoreTrack.csproj", "{DBE46E9A-CC00-411F-A2AC-F5ECFBDA9E2C}"
EndProject
Global
	GlobalSection(SolutionConfigurationPlatforms) = preSolution
		Debug|Any CPU = Debug|Any CPU
		Release|Any CPU = Release|Any CPU
	EndGlobalSection
	GlobalSection(ProjectConfigurationPlatforms) = postSolution
		{DBE46E9A-CC00-411F-A2AC-F5ECFBDA9E2C}.Debug|Any CPU.ActiveCfg = Debug|Any CPU
		{DBE46E9A-CC00-411F-A2AC-F5ECFBDA9E2C}.Debug|Any CPU.Build.0 = Debug|Any CPU
		{DBE46E9A-CC00-411F-A2AC-F5ECFBDA9E2C}.Release|Any CPU.ActiveCfg = Release|Any CPU
		{DBE46E9A-CC00-411F-A2AC-F5ECFBDA9E2C}.Release|Any CPU.Build.0 = Release|Any CPU
	EndGlobalSection
	GlobalSection(SolutionProperties) = preSolution
		HideSolutionNode = FALSE
	EndGlobalSection
	GlobalSection(ExtensibilityGlobals) = postSolution
		SolutionGuid = {278737C3-3C83-4C37-9B1D-D757B2FB220D}
	EndGlobalSection
EndGlobal
